<?xml version="1.0" encoding="utf-8"?>
<Project ToolsVersion="4.0" xmlns="http://schemas.microsoft.com/developer/msbuild/2003">
  <ItemGroup>
    <Filter Include="Source Files">
      <UniqueIdentifier>{4FC737F1-C7A5-4376-A066-2A32D752A2FF}</UniqueIdentifier>
      <Extensions>cpp;c;cxx;def;odl;idl;hpj;bat;asm;asmx</Extensions>
    </Filter>
    <Filter Include="Header Files">
      <UniqueIdentifier>{93995380-89BD-4b04-88EB-625FBE52EBFB}</UniqueIdentifier>
      <Extensions>h;hpp;hxx;hm;inl;inc;xsd</Extensions>
    </Filter>
    <Filter Include="Resource Files">
      <UniqueIdentifier>{67DA6AB6-F800-4c08-8B7A-83BB121AAD01}</UniqueIdentifier>
      <Extensions>rc;ico;cur;bmp;dlg;rc2;rct;bin;rgs;gif;jpg;jpeg;jpe;resx</Extensions>
    </Filter>
    <Filter Include="Not Compile Files">
      <UniqueIdentifier>{5789015d-fa42-4dae-a287-0d759da36670}</UniqueIdentifier>
      <Extensions>*.cxx</Extensions>
    </Filter>
  </ItemGroup>
  <ItemGroup>
    <ClCompile Include="AntiDetect.cpp">
      <Filter>Source Files</Filter>
    </ClCompile>
    <ClCompile Include="configproc.cpp">
      <Filter>Source Files</Filter>
    </ClCompile>
    <ClCompile Include="hackmap.cpp">
      <Filter>Source Files</Filter>
    </ClCompile>
    <ClCompile Include="hnminit.cpp">
      <Filter>Source Files</Filter>
    </ClCompile>
    <ClCompile Include="memhelper.cpp">
      <Filter>Source Files</Filter>
    </ClCompile>
    <ClCompile Include="mischelper.cpp">
      <Filter>Source Files</Filter>
    </ClCompile>
    <ClCompile Include="ModuleWalker.cpp">
      <Filter>Source Files</Filter>
    </ClCompile>
    <ClCompile Include="d2helpers.cxx">
      <Filter>Not Compile Files</Filter>
    </ClCompile>
    <ClCompile Include="d2patchs.cxx">
      <Filter>Not Compile Files</Filter>
    </ClCompile>
    <ClCompile Include="d2ptrs.cxx">
      <Filter>Not Compile Files</Filter>
    </ClCompile>
    <ClCompile Include="exception.cxx">
      <Filter>Not Compile Files</Filter>
    </ClCompile>
    <ClCompile Include="hnmconfig.cxx">
      <Filter>Not Compile Files</Filter>
    </ClCompile>
    <ClCompile Include="hnmtoggles.cxx">
      <Filter>Not Compile Files</Filter>
    </ClCompile>
  </ItemGroup>
  <ItemGroup>
    <None Include="hackmap.def">
      <Filter>Source Files</Filter>
    </None>
    <None Include="..\bin\d2hackmap.cfg" />
    <None Include="..\bin\d2hackmap.cfg.tmpl" />
    <None Include="..\bin\d2hackmap.vcb" />
    <None Include="..\bin\d2hackmap.vcb.tmpl" />
    <None Include="D2HACKMAP.CFG">
      <Filter>Source Files</Filter>
    </None>
  </ItemGroup>
  <ItemGroup>
    <ClInclude Include="AntiDetect.h">
      <Filter>Header Files</Filter>
    </ClInclude>
    <ClInclude Include="d2structs.h">
      <Filter>Header Files</Filter>
    </ClInclude>
    <ClInclude Include="hackmap.h">
      <Filter>Header Files</Filter>
    </ClInclude>
    <ClInclude Include="memhelper.h">
      <Filter>Header Files</Filter>
    </ClInclude>
    <ClInclude Include="ModuleWalker.h">
      <Filter>Header Files</Filter>
    </ClInclude>
  </ItemGroup>
</Project>